
Microsoft Visual Studio Solution File, Format Version 12.00
# Visual Studio Version 16
VisualStudioVersion = 16.0.30114.105
MinimumVisualStudioVersion = 10.0.40219.1
Project("{FAE04EC0-301F-11D3-BF4B-00C04F79EFBC}") = "Stitching Pattern", "Stitching Pattern\Stitching Pattern.csproj", "{1E1B05F9-CA19-42DB-BE12-79C537D34E77}"
EndProject
Global
	GlobalSection(SolutionConfigurationPlatforms) = preSolution
		Debug|Any CPU = Debug|Any CPU
		Release|Any CPU = Release|Any CPU
	EndGlobalSection
	GlobalSection(ProjectConfigurationPlatforms) = postSolution
		{1E1B05F9-CA19-42DB-BE12-79C537D34E77}.Debug|Any CPU.ActiveCfg = Debug|Any CPU
		{1E1B05F9-CA19-42DB-BE12-79C537D34E77}.Debug|Any CPU.Build.0 = Debug|Any CPU
		{1E1B05F9-CA19-42DB-BE12-79C537D34E77}.Release|Any CPU.ActiveCfg = Release|Any CPU
		{1E1B05F9-CA19-42DB-BE12-79C537D34E77}.Release|Any CPU.Build.0 = Release|Any CPU
	EndGlobalSection
	GlobalSection(SolutionProperties) = preSolution
		HideSolutionNode = FALSE
	EndGlobalSection
	GlobalSection(ExtensibilityGlobals) = postSolution
		SolutionGuid = {2FE1681D-D66C-41F9-A945-ECF27E709114}
	EndGlobalSection
EndGlobal
